
Microsoft Visual Studio Solution File, Format Version 12.00
# Visual Studio 15
VisualStudioVersion = 15.0.28307.168
MinimumVisualStudioVersion = 10.0.40219.1
Project("{FAE04EC0-301F-11D3-BF4B-00C04F79EFBC}") = "OnlineGameLaden.Domain", "OnlineGameLaden.Domain\OnlineGameLaden.Domain.csproj", "{A1854B98-2783-4197-BE6B-115DC363A1AA}"
EndProject
Project("{FAE04EC0-301F-11D3-BF4B-00C04F79EFBC}") = "OnlineGameLaden.WebUI", "OnlineGameLaden.WebUI\OnlineGameLaden.WebUI.csproj", "{FE1D751C-1163-481D-BF8F-82883884610A}"
EndProject
Project("{FAE04EC0-301F-11D3-BF4B-00C04F79EFBC}") = "OnlineGameLaden.UnitTests", "OnlineGameLaden.UnitTests\OnlineGameLaden.UnitTests.csproj", "{74E71A3E-49A5-4517-86DB-30B3A1E39796}"
EndProject
Global
	GlobalSection(SolutionConfigurationPlatforms) = preSolution
		Debug|Any CPU = Debug|Any CPU
		Release|Any CPU = Release|Any CPU
	EndGlobalSection
	GlobalSection(ProjectConfigurationPlatforms) = postSolution
		{A1854B98-2783-4197-BE6B-115DC363A1AA}.Debug|Any CPU.ActiveCfg = Debug|Any CPU
		{A1854B98-2783-4197-BE6B-115DC363A1AA}.Debug|Any CPU.Build.0 = Debug|Any CPU
		{A1854B98-2783-4197-BE6B-115DC363A1AA}.Release|Any CPU.ActiveCfg = Release|Any CPU
		{A1854B98-2783-4197-BE6B-115DC363A1AA}.Release|Any CPU.Build.0 = Release|Any CPU
		{FE1D751C-1163-481D-BF8F-82883884610A}.Debug|Any CPU.ActiveCfg = Debug|Any CPU
		{FE1D751C-1163-481D-BF8F-82883884610A}.Debug|Any CPU.Build.0 = Debug|Any CPU
		{FE1D751C-1163-481D-BF8F-82883884610A}.Release|Any CPU.ActiveCfg = Release|Any CPU
		{FE1D751C-1163-481D-BF8F-82883884610A}.Release|Any CPU.Build.0 = Release|Any CPU
		{74E71A3E-49A5-4517-86DB-30B3A1E39796}.Debug|Any CPU.ActiveCfg = Debug|Any CPU
		{74E71A3E-49A5-4517-86DB-30B3A1E39796}.Debug|Any CPU.Build.0 = Debug|Any CPU
		{74E71A3E-49A5-4517-86DB-30B3A1E39796}.Release|Any CPU.ActiveCfg = Release|Any CPU
		{74E71A3E-49A5-4517-86DB-30B3A1E39796}.Release|Any CPU.Build.0 = Release|Any CPU
	EndGlobalSection
	GlobalSection(SolutionProperties) = preSolution
		HideSolutionNode = FALSE
	EndGlobalSection
	GlobalSection(ExtensibilityGlobals) = postSolution
		SolutionGuid = {2BC9222B-41EB-4D9D-8066-E1F967174954}
	EndGlobalSection
EndGlobal
